
Microsoft Visual Studio Solution File, Format Version 12.00
# Visual Studio 15
VisualStudioVersion = 15.0.28307.572
MinimumVisualStudioVersion = 10.0.40219.1
Project("{8BC9CEB8-8B4A-11D0-8D11-00A0C91BC942}") = "Matrix3", "Matrix3\Matrix3.vcxproj", "{1B8CEDB3-AF8B-41F6-8AC5-558989FA35C3}"
EndProject
Global
	GlobalSection(SolutionConfigurationPlatforms) = preSolution
		Debug|x64 = Debug|x64
		Debug|x86 = Debug|x86
		Release|x64 = Release|x64
		Release|x86 = Release|x86
	EndGlobalSection
	GlobalSection(ProjectConfigurationPlatforms) = postSolution
		{1B8CEDB3-AF8B-41F6-8AC5-558989FA35C3}.Debug|x64.ActiveCfg = Debug|x64
		{1B8CEDB3-AF8B-41F6-8AC5-558989FA35C3}.Debug|x64.Build.0 = Debug|x64
		{1B8CEDB3-AF8B-41F6-8AC5-558989FA35C3}.Debug|x86.ActiveCfg = Debug|Win32
		{1B8CEDB3-AF8B-41F6-8AC5-558989FA35C3}.Debug|x86.Build.0 = Debug|Win32
		{1B8CEDB3-AF8B-41F6-8AC5-558989FA35C3}.Release|x64.ActiveCfg = Release|x64
		{1B8CEDB3-AF8B-41F6-8AC5-558989FA35C3}.Release|x64.Build.0 = Release|x64
		{1B8CEDB3-AF8B-41F6-8AC5-558989FA35C3}.Release|x86.ActiveCfg = Release|Win32
		{1B8CEDB3-AF8B-41F6-8AC5-558989FA35C3}.Release|x86.Build.0 = Release|Win32
	EndGlobalSection
	GlobalSection(SolutionProperties) = preSolution
		HideSolutionNode = FALSE
	EndGlobalSection
	GlobalSection(ExtensibilityGlobals) = postSolution
		SolutionGuid = {9AE96C1D-9A62-4DBA-AE79-695399817F18}
	EndGlobalSection
EndGlobal
